// !$*UTF8*$!
{
	archiveVersion = 1;
	classes = {
	};
	objectVersion = 46;
	objects = {

/* Begin PBXBuildFile section */
		F60A79011B069E2500433F94 /* Vector2D.cpp in Sources */ = {isa = PBXBuildFile; fileRef = F60A78FF1B069E2500433F94 /* Vector2D.cpp */; };
		F6189C811B06951C000A1DE3 /* main.cpp in Sources */ = {isa = PBXBuildFile; fileRef = F6189C801B06951C000A1DE3 /* main.cpp */; };
/* End PBXBuildFile section */

/* Begin PBXCopyFilesBuildPhase section */
		F6189C7B1B06951C000A1DE3 /* CopyFiles */ = {
			isa = PBXCopyFilesBuildPhase;
			buildActionMask = 2147483647;
			dstPath = /usr/share/man/man1/;
			dstSubfolderSpec = 0;
			files = (
			);
			runOnlyForDeploymentPostprocessing = 1;
		};
/* End PBXCopyFilesBuildPhase section */

/* Begin PBXFileReference section */
		F60A78FF1B069E2500433F94 /* Vector2D.cpp */ = {isa = PBXFileReference; fileEncoding = 4; lastKnownFileType = sourcecode.cpp.cpp; path = Vector2D.cpp; sourceTree = "<group>"; };
		F60A79001B069E2500433F94 /* Vector2D.h */ = {isa = PBXFileReference; fileEncoding = 4; lastKnownFileType = sourcecode.c.h; path = Vector2D.h; sourceTree = "<group>"; };
		F6189C7D1B06951C000A1DE3 /* Simple3D */ = {isa = PBXFileReference; explicitFileType = "compiled.mach-o.executable"; includeInIndex = 0; path = Simple3D; sourceTree = BUILT_PRODUCTS_DIR; };
		F6189C801B06951C000A1DE3 /* main.cpp */ = {isa = PBXFileReference; lastKnownFileType = sourcecode.cpp.cpp; path = main.cpp; sourceTree = "<group>"; };
/* End PBXFileReference section */

/* Begin PBXFrameworksBuildPhase section */
		F6189C7A1B06951C000A1DE3 /* Frameworks */ = {
			isa = PBXFrameworksBuildPhase;
			buildActionMask = 2147483647;
			files = (
			);
			runOnlyForDeploymentPostprocessing = 0;
		};
/* End PBXFrameworksBuildPhase section */

/* Begin PBXGroup section */
		F6189C741B06951C000A1DE3 = {
			isa = PBXGroup;
			children = (
				F6189C7F1B06951C000A1DE3 /* Simple3D */,
				F6189C7E1B06951C000A1DE3 /* Products */,
			);
			sourceTree = "<group>";
		};
		F6189C7E1B06951C000A1DE3 /* Products */ = {
			isa = PBXGroup;
			children = (
				F6189C7D1B06951C000A1DE3 /* Simple3D */,
			);
			name = Products;
			sourceTree = "<group>";
		};
		F6189C7F1B06951C000A1DE3 /* Simple3D */ = {
			isa = PBXGroup;
			children = (
				F6189C801B06951C000A1DE3 /* main.cpp */,
				F60A78FF1B069E2500433F94 /* Vector2D.cpp */,
				F60A79001B069E2500433F94 /* Vector2D.h */,
			);
			path = Simple3D;
			sourceTree = "<group>";
		};
/* End PBXGroup section */

/* Begin PBXNativeTarget section */
		F6189C7C1B06951C000A1DE3 /* Simple3D */ = {
			isa = PBXNativeTarget;
			buildConfigurationList = F6189C841B06951C000A1DE3 /* Build configuration list for PBXNativeTarget "Simple3D" */;
			buildPhases = (
				F6189C791B06951C000A1DE3 /* Sources */,
				F6189C7A1B06951C000A1DE3 /* Frameworks */,
				F6189C7B1B06951C000A1DE3 /* CopyFiles */,
			);
			buildRules = (
			);
			dependencies = (
			);
			name = Simple3D;
			productName = Simple3D;
			productReference = F6189C7D1B06951C000A1DE3 /* Simple3D */;
			productType = "com.apple.product-type.tool";
		};
/* End PBXNativeTarget section */

/* Begin PBXProject section */
		F6189C751B06951C000A1DE3 /* Project object */ = {
			isa = PBXProject;
			attributes = {
				LastUpgradeCheck = 0630;
				ORGANIZATIONNAME = "Tobias Boström";
				TargetAttributes = {
					F6189C7C1B06951C000A1DE3 = {
						CreatedOnToolsVersion = 6.3.1;
					};
				};
			};
			buildConfigurationList = F6189C781B06951C000A1DE3 /* Build configuration list for PBXProject "Simple3D" */;
			compatibilityVersion = "Xcode 3.2";
			developmentRegion = English;
			hasScannedForEncodings = 0;
			knownRegions = (
				en,
			);
			mainGroup = F6189C741B06951C000A1DE3;
			productRefGroup = F6189C7E1B06951C000A1DE3 /* Products */;
			projectDirPath = "";
			projectRoot = "";
			targets = (
				F6189C7C1B06951C000A1DE3 /* Simple3D */,
			);
		};
/* End PBXProject section */

/* Begin PBXSourcesBuildPhase section */
		F6189C791B06951C000A1DE3 /* Sources */ = {
			isa = PBXSourcesBuildPhase;
			buildActionMask = 2147483647;
			files = (
				F60A79011B069E2500433F94 /* Vector2D.cpp in Sources */,
				F6189C811B06951C000A1DE3 /* main.cpp in Sources */,
			);
			runOnlyForDeploymentPostprocessing = 0;
		};
/* End PBXSourcesBuildPhase section */

/* Begin XCBuildConfiguration section */
		F6189C821B06951C000A1DE3 /* Debug */ = {
			isa = XCBuildConfiguration;
			buildSettings = {
				ALWAYS_SEARCH_USER_PATHS = NO;
				CLANG_CXX_LANGUAGE_STANDARD = "gnu++0x";
				CLANG_CXX_LIBRARY = "libc++";
				CLANG_ENABLE_MODULES = YES;
				CLANG_ENABLE_OBJC_ARC = YES;
				CLANG_WARN_BOOL_CONVERSION = YES;
				CLANG_WARN_CONSTANT_CONVERSION = YES;
				CLANG_WARN_DIRECT_OBJC_ISA_USAGE = YES_ERROR;
				CLANG_WARN_EMPTY_BODY = YES;
				CLANG_WARN_ENUM_CONVERSION = YES;
				CLANG_WARN_INT_CONVERSION = YES;
				CLANG_WARN_OBJC_ROOT_CLASS = YES_ERROR;
				CLANG_WARN_UNREACHABLE_CODE = YES;
				CLANG_WARN__DUPLICATE_METHOD_MATCH = YES;
				COPY_PHASE_STRIP = NO;
				DEBUG_INFORMATION_FORMAT = dwarf;
				ENABLE_STRICT_OBJC_MSGSEND = YES;
				GCC_C_LANGUAGE_STANDARD = gnu99;
				GCC_DYNAMIC_NO_PIC = NO;
				GCC_NO_COMMON_BLOCKS = YES;
				GCC_OPTIMIZATION_LEVEL = 0;
				GCC_PREPROCESSOR_DEFINITIONS = (
					"DEBUG=1",
					"$(inherited)",
				);
				GCC_SYMBOLS_PRIVATE_EXTERN = NO;
				GCC_WARN_64_TO_32_BIT_CONVERSION = YES;
				GCC_WARN_ABOUT_RETURN_TYPE = YES_ERROR;
				GCC_WARN_UNDECLARED_SELECTOR = YES;
				GCC_WARN_UNINITIALIZED_AUTOS = YES_AGGRESSIVE;
				GCC_WARN_UNUSED_FUNCTION = YES;
				GCC_WARN_UNUSED_VARIABLE = YES;
				MACOSX_DEPLOYMENT_TARGET = 10.10;
				MTL_ENABLE_DEBUG_INFO = YES;
				ONLY_ACTIVE_ARCH = YES;
				SDKROOT = macosx;
			};
			name = Debug;
		};
		F6189C831B06951C000A1DE3 /* Release */ = {
			isa = XCBuildConfiguration;
			buildSettings = {
				ALWAYS_SEARCH_USER_PATHS = NO;
				CLANG_CXX_LANGUAGE_STANDARD = "gnu++0x";
				CLANG_CXX_LIBRARY = "libc++";
				CLANG_ENABLE_MODULES = YES;
				CLANG_ENABLE_OBJC_ARC = YES;
				CLANG_WARN_BOOL_CONVERSION = YES;
				CLANG_WARN_CONSTANT_CONVERSION = YES;
				CLANG_WARN_DIRECT_OBJC_ISA_USAGE = YES_ERROR;
				CLANG_WARN_EMPTY_BODY = YES;
				CLANG_WARN_ENUM_CONVERSION = YES;
				CLANG_WARN_INT_CONVERSION = YES;
				CLANG_WARN_OBJC_ROOT_CLASS = YES_ERROR;
				CLANG_WARN_UNREACHABLE_CODE = YES;
				CLANG_WARN__DUPLICATE_METHOD_MATCH = YES;
				COPY_PHASE_STRIP = NO;
				DEBUG_INFORMATION_FORMAT = "dwarf-with-dsym";
				ENABLE_NS_ASSERTIONS = NO;
				ENABLE_STRICT_OBJC_MSGSEND = YES;
				GCC_C_LANGUAGE_STANDARD = gnu99;
				GCC_NO_COMMON_BLOCKS = YES;
				GCC_WARN_64_TO_32_BIT_CONVERSION = YES;
				GCC_WARN_ABOUT_RETURN_TYPE = YES_ERROR;
				GCC_WARN_UNDECLARED_SELECTOR = YES;
				GCC_WARN_UNINITIALIZED_AUTOS = YES_AGGRESSIVE;
				GCC_WARN_UNUSED_FUNCTION = YES;
				GCC_WARN_UNUSED_VARIABLE = YES;
				MACOSX_DEPLOYMENT_TARGET = 10.10;
				MTL_ENABLE_DEBUG_INFO = NO;
				SDKROOT = macosx;
			};
			name = Release;
		};
		F6189C851B06951C000A1DE3 /* Debug */ = {
			isa = XCBuildConfiguration;
			buildSettings = {
				PRODUCT_NAME = "$(TARGET_NAME)";
			};
			name = Debug;
		};
		F6189C861B06951C000A1DE3 /* Release */ = {
			isa = XCBuildConfiguration;
			buildSettings = {
				PRODUCT_NAME = "$(TARGET_NAME)";
			};
			name = Release;
		};
/* End XCBuildConfiguration section */

/* Begin XCConfigurationList section */
		F6189C781B06951C000A1DE3 /* Build configuration list for PBXProject "Simple3D" */ = {
			isa = XCConfigurationList;
			buildConfigurations = (
				F6189C821B06951C000A1DE3 /* Debug */,
				F6189C831B06951C000A1DE3 /* Release */,
			);
			defaultConfigurationIsVisible = 0;
			defaultConfigurationName = Release;
		};
		F6189C841B06951C000A1DE3 /* Build configuration list for PBXNativeTarget "Simple3D" */ = {
			isa = XCConfigurationList;
			buildConfigurations = (
				F6189C851B06951C000A1DE3 /* Debug */,
				F6189C861B06951C000A1DE3 /* Release */,
			);
			defaultConfigurationIsVisible = 0;
			defaultConfigurationName = Release;
		};
/* End XCConfigurationList section */
	};
	rootObject = F6189C751B06951C000A1DE3 /* Project object */;
}
